{
  "name": "bitjesbot",
  "version": "1.0.0",
  "lockfileVersion": 1,
  "requires": true,
  "dependencies": {
    "@types/moment-timezone": {
      "version": "0.5.4",
      "resolved": "https://registry.npmjs.org/@types/moment-timezone/-/moment-timezone-0.5.4.tgz",
      "integrity": "sha512-GXWxTNJaN6A6CSa7+8a0ZGN5yGozW3So7fFHrXE/1c976Nx4hv2470Bx/q6/nmNNOYbcuKT61P0kRNf4cQTirw==",
      "dev": true,
      "requires": {
        "moment": "2.19.4"
      }
    },
    "@types/node": {
      "version": "9.6.6",
      "resolved": "https://registry.npmjs.org/@types/node/-/node-9.6.6.tgz",
      "integrity": "sha512-SJe0g5cZeGNDP5sD8mIX3scb+eq8LQQZ60FXiKZHipYSeEFZ5EKml+NNMiO76F74TY4PoMWlNxF/YRY40FOvZQ==",
      "dev": true
    },
    "guid": {
      "version": "0.0.12",
      "resolved": "https://registry.npmjs.org/guid/-/guid-0.0.12.tgz",
      "integrity": "sha1-kTfFKxhffeEkkLm+vMFmC5Al/gw="
    },
    "mime-db": {
      "version": "1.30.0",
      "resolved": "https://registry.npmjs.org/mime-db/-/mime-db-1.30.0.tgz",
      "integrity": "sha1-dMZD2i3Z1qRTmZY0ZbJtXKfXHwE="
    },
    "mime-types": {
      "version": "2.1.17",
      "resolved": "https://registry.npmjs.org/mime-types/-/mime-types-2.1.17.tgz",
      "integrity": "sha1-Cdejk/A+mVp5+K+Fe3Cp4KsWVXo=",
      "requires": {
        "mime-db": "1.30.0"
      }
    },
    "moment": {
      "version": "2.19.4",
      "resolved": "https://registry.npmjs.org/moment/-/moment-2.19.4.tgz",
      "integrity": "sha512-1xFTAknSLfc47DIxHDUbnJWC+UwgWxATmymaxIPQpmMh7LBm7ZbwVEsuushqwL2GYZU0jie4xO+TK44hJPjNSQ=="
    },
    "moment-timezone": {
      "version": "0.5.14",
      "resolved": "https://registry.npmjs.org/moment-timezone/-/moment-timezone-0.5.14.tgz",
      "integrity": "sha1-TrOP+VOLgBCLpGekWPPtQmjM/LE=",
      "requires": {
        "moment": "2.19.4"
      }
    },
    "node-html-encoder": {
      "version": "0.0.2",
      "resolved": "https://registry.npmjs.org/node-html-encoder/-/node-html-encoder-0.0.2.tgz",
      "integrity": "sha1-iXNhjXJ9pVJqgwtH0HwNgD4KFcY="
    },
    "nodejs-websocket": {
      "version": "1.7.1",
      "resolved": "https://registry.npmjs.org/nodejs-websocket/-/nodejs-websocket-1.7.1.tgz",
      "integrity": "sha1-zM+7qCO/HPqWgPFoq3q1MSHkhBA="
    },
    "typescript": {
      "version": "2.8.3",
      "resolved": "https://registry.npmjs.org/typescript/-/typescript-2.8.3.tgz",
      "integrity": "sha512-K7g15Bb6Ra4lKf7Iq2l/I5/En+hLIHmxWZGq3D4DIRNFxMNV6j2SHSvDOqs2tGd4UvD/fJvrwopzQXjLrT7Itw==",
      "dev": true
    }
  }
}
